
Microsoft Visual Studio Solution File, Format Version 12.00
# Visual Studio 2017
Project("{FAE04EC0-301F-11D3-BF4B-00C04F79EFBC}") = "GraphicsProject2Bhop", "GraphicsProject2Bhop.csproj", "{F695A16E-977D-01AC-4A50-744697B6DC43}"
EndProject
Global
	GlobalSection(SolutionConfigurationPlatforms) = preSolution
		Debug|Any CPU = Debug|Any CPU
		Release|Any CPU = Release|Any CPU
	EndGlobalSection
	GlobalSection(ProjectConfigurationPlatforms) = postSolution
		{F695A16E-977D-01AC-4A50-744697B6DC43}.Debug|Any CPU.ActiveCfg = Debug|Any CPU
		{F695A16E-977D-01AC-4A50-744697B6DC43}.Debug|Any CPU.Build.0 = Debug|Any CPU
		{F695A16E-977D-01AC-4A50-744697B6DC43}.Release|Any CPU.ActiveCfg = Release|Any CPU
		{F695A16E-977D-01AC-4A50-744697B6DC43}.Release|Any CPU.Build.0 = Release|Any CPU
	EndGlobalSection
	GlobalSection(SolutionProperties) = preSolution
		HideSolutionNode = FALSE
	EndGlobalSection
EndGlobal
