
Microsoft Visual Studio Solution File, Format Version 12.00
# Visual Studio 2017
Project("{FAE04EC0-301F-11D3-BF4B-00C04F79EFBC}") = "GraphicsProject2_BhopGame", "GraphicsProject2_BhopGame.csproj", "{0DB31B4C-6C15-4E1E-9B1C-362A7510697E}"
EndProject
Global
	GlobalSection(SolutionConfigurationPlatforms) = preSolution
		Debug|Any CPU = Debug|Any CPU
		Release|Any CPU = Release|Any CPU
	EndGlobalSection
	GlobalSection(ProjectConfigurationPlatforms) = postSolution
		{0DB31B4C-6C15-4E1E-9B1C-362A7510697E}.Debug|Any CPU.ActiveCfg = Debug|Any CPU
		{0DB31B4C-6C15-4E1E-9B1C-362A7510697E}.Debug|Any CPU.Build.0 = Debug|Any CPU
		{0DB31B4C-6C15-4E1E-9B1C-362A7510697E}.Release|Any CPU.ActiveCfg = Release|Any CPU
		{0DB31B4C-6C15-4E1E-9B1C-362A7510697E}.Release|Any CPU.Build.0 = Release|Any CPU
	EndGlobalSection
	GlobalSection(SolutionProperties) = preSolution
		HideSolutionNode = FALSE
	EndGlobalSection
EndGlobal
